
Microsoft Visual Studio Solution File, Format Version 12.00
# Visual Studio 14
VisualStudioVersion = 14.0.24720.0
MinimumVisualStudioVersion = 10.0.40219.1
Project("{FAE04EC0-301F-11D3-BF4B-00C04F79EFBC}") = "DieRollerSingleton", "DieRollerSingleton\DieRollerSingleton.csproj", "{DE1DC1E6-09CD-4902-9980-F375F5597E65}"
EndProject
Project("{FAE04EC0-301F-11D3-BF4B-00C04F79EFBC}") = "GameLibrary", "GameLibrary\GameLibrary.csproj", "{AF2DFABC-C291-4397-90EE-4E4C49F3F56D}"
EndProject
Project("{FAE04EC0-301F-11D3-BF4B-00C04F79EFBC}") = "DieRollerTests", "DieRollerTests\DieRollerTests.csproj", "{D63B6F13-FAAE-4ECA-9024-5D46B278B45E}"
EndProject
Global
	GlobalSection(SolutionConfigurationPlatforms) = preSolution
		Debug|Any CPU = Debug|Any CPU
		Release|Any CPU = Release|Any CPU
	EndGlobalSection
	GlobalSection(ProjectConfigurationPlatforms) = postSolution
		{DE1DC1E6-09CD-4902-9980-F375F5597E65}.Debug|Any CPU.ActiveCfg = Debug|Any CPU
		{DE1DC1E6-09CD-4902-9980-F375F5597E65}.Debug|Any CPU.Build.0 = Debug|Any CPU
		{DE1DC1E6-09CD-4902-9980-F375F5597E65}.Release|Any CPU.ActiveCfg = Release|Any CPU
		{DE1DC1E6-09CD-4902-9980-F375F5597E65}.Release|Any CPU.Build.0 = Release|Any CPU
		{AF2DFABC-C291-4397-90EE-4E4C49F3F56D}.Debug|Any CPU.ActiveCfg = Debug|Any CPU
		{AF2DFABC-C291-4397-90EE-4E4C49F3F56D}.Debug|Any CPU.Build.0 = Debug|Any CPU
		{AF2DFABC-C291-4397-90EE-4E4C49F3F56D}.Release|Any CPU.ActiveCfg = Release|Any CPU
		{AF2DFABC-C291-4397-90EE-4E4C49F3F56D}.Release|Any CPU.Build.0 = Release|Any CPU
		{D63B6F13-FAAE-4ECA-9024-5D46B278B45E}.Debug|Any CPU.ActiveCfg = Debug|Any CPU
		{D63B6F13-FAAE-4ECA-9024-5D46B278B45E}.Debug|Any CPU.Build.0 = Debug|Any CPU
		{D63B6F13-FAAE-4ECA-9024-5D46B278B45E}.Release|Any CPU.ActiveCfg = Release|Any CPU
		{D63B6F13-FAAE-4ECA-9024-5D46B278B45E}.Release|Any CPU.Build.0 = Release|Any CPU
	EndGlobalSection
	GlobalSection(SolutionProperties) = preSolution
		HideSolutionNode = FALSE
	EndGlobalSection
EndGlobal
